PODS:
  - Thunderhead (2.23.1)

DEPENDENCIES:
  - Thunderhead (from `https://github.com/thunderheadone/one-sdk-ios.git`, tag `2.23.1`)

EXTERNAL SOURCES:
  Thunderhead:
    :git: https://github.com/thunderheadone/one-sdk-ios.git
    :tag: 2.23.1

CHECKOUT OPTIONS:
  Thunderhead:
    :git: https://github.com/thunderheadone/one-sdk-ios.git
    :tag: 2.23.1

SPEC CHECKSUMS:
  Thunderhead: f12d6e4fd63c26a483387dde1be0b15a53984659

PODFILE CHECKSUM: 766920eae270b71f5ffa2711886d5ed172ac5613

COCOAPODS: 1.5.2
